
Microsoft Visual Studio Solution File, Format Version 12.00
# Visual Studio Version 16
VisualStudioVersion = 16.0.29806.167
MinimumVisualStudioVersion = 10.0.40219.1
Project("{8BC9CEB8-8B4A-11D0-8D11-00A0C91BC942}") = "LabaOPP 4", "LabaOPP 4\LabaOPP 4.vcxproj", "{49AEB788-1160-473D-A6EB-98010623F53A}"
EndProject
Global
	GlobalSection(SolutionConfigurationPlatforms) = preSolution
		Debug|x64 = Debug|x64
		Debug|x86 = Debug|x86
		Release|x64 = Release|x64
		Release|x86 = Release|x86
	EndGlobalSection
	GlobalSection(ProjectConfigurationPlatforms) = postSolution
		{49AEB788-1160-473D-A6EB-98010623F53A}.Debug|x64.ActiveCfg = Debug|x64
		{49AEB788-1160-473D-A6EB-98010623F53A}.Debug|x64.Build.0 = Debug|x64
		{49AEB788-1160-473D-A6EB-98010623F53A}.Debug|x86.ActiveCfg = Debug|Win32
		{49AEB788-1160-473D-A6EB-98010623F53A}.Debug|x86.Build.0 = Debug|Win32
		{49AEB788-1160-473D-A6EB-98010623F53A}.Release|x64.ActiveCfg = Release|x64
		{49AEB788-1160-473D-A6EB-98010623F53A}.Release|x64.Build.0 = Release|x64
		{49AEB788-1160-473D-A6EB-98010623F53A}.Release|x86.ActiveCfg = Release|Win32
		{49AEB788-1160-473D-A6EB-98010623F53A}.Release|x86.Build.0 = Release|Win32
	EndGlobalSection
	GlobalSection(SolutionProperties) = preSolution
		HideSolutionNode = FALSE
	EndGlobalSection
	GlobalSection(ExtensibilityGlobals) = postSolution
		SolutionGuid = {14701716-0292-4FB4-814E-FBF83F8F2457}
	EndGlobalSection
EndGlobal
