
Microsoft Visual Studio Solution File, Format Version 12.00
# Visual Studio Version 16
VisualStudioVersion = 16.0.29806.167
MinimumVisualStudioVersion = 10.0.40219.1
Project("{8BC9CEB8-8B4A-11D0-8D11-00A0C91BC942}") = "LabaOPP 5.2", "LabaOPP 5.2\LabaOPP 5.2.vcxproj", "{C7D678F4-B3CB-43BB-98DA-3E2ADE8A9CFF}"
EndProject
Global
	GlobalSection(SolutionConfigurationPlatforms) = preSolution
		Debug|x64 = Debug|x64
		Debug|x86 = Debug|x86
		Release|x64 = Release|x64
		Release|x86 = Release|x86
	EndGlobalSection
	GlobalSection(ProjectConfigurationPlatforms) = postSolution
		{C7D678F4-B3CB-43BB-98DA-3E2ADE8A9CFF}.Debug|x64.ActiveCfg = Debug|x64
		{C7D678F4-B3CB-43BB-98DA-3E2ADE8A9CFF}.Debug|x64.Build.0 = Debug|x64
		{C7D678F4-B3CB-43BB-98DA-3E2ADE8A9CFF}.Debug|x86.ActiveCfg = Debug|Win32
		{C7D678F4-B3CB-43BB-98DA-3E2ADE8A9CFF}.Debug|x86.Build.0 = Debug|Win32
		{C7D678F4-B3CB-43BB-98DA-3E2ADE8A9CFF}.Release|x64.ActiveCfg = Release|x64
		{C7D678F4-B3CB-43BB-98DA-3E2ADE8A9CFF}.Release|x64.Build.0 = Release|x64
		{C7D678F4-B3CB-43BB-98DA-3E2ADE8A9CFF}.Release|x86.ActiveCfg = Release|Win32
		{C7D678F4-B3CB-43BB-98DA-3E2ADE8A9CFF}.Release|x86.Build.0 = Release|Win32
	EndGlobalSection
	GlobalSection(SolutionProperties) = preSolution
		HideSolutionNode = FALSE
	EndGlobalSection
	GlobalSection(ExtensibilityGlobals) = postSolution
		SolutionGuid = {B43291DD-6DCC-4E46-AC2F-10C40B3955CA}
	EndGlobalSection
EndGlobal
